PODS:
  - MicrosoftCognitiveServicesSpeech-iOS (1.35.0)
  - SnapKit (5.7.1)

DEPENDENCIES:
  - MicrosoftCognitiveServicesSpeech-iOS (= 1.35.0)
  - SnapKit (~> 5.7.1)

SPEC REPOS:
  trunk:
    - MicrosoftCognitiveServicesSpeech-iOS
    - SnapKit

SPEC CHECKSUMS:
  MicrosoftCognitiveServicesSpeech-iOS: b25ac5b5925c7136e962473660434d9a1e757ba3
  SnapKit: d612e99e678a2d3b95bf60b0705ed0a35c03484a

PODFILE CHECKSUM: fde225d2d4eb5b1c47b5fcfd30bcbc82a402a1e8

COCOAPODS: 1.15.2
