// !$*UTF8*$!
{
	archiveVersion = 1;
	classes = {
	};
	objectVersion = 56;
	objects = {

/* Begin PBXBuildFile section */
		0424300E2CE235A50005D4E6 /* TTSPlayer.swift in Sources */ = {isa = PBXBuildFile; fileRef = 0424300D2CE235A50005D4E6 /* TTSPlayer.swift */; };
		042430112CE2392A0005D4E6 /* SpeechSynthesizer.m in Sources */ = {isa = PBXBuildFile; fileRef = 042430102CE2392A0005D4E6 /* SpeechSynthesizer.m */; };
		042430162CE243840005D4E6 /* TextToSpeechManager.swift in Sources */ = {isa = PBXBuildFile; fileRef = 042430152CE243840005D4E6 /* TextToSpeechManager.swift */; };
		043FBA8F2CE301CD002DDCDC /* TextToSpeechPlayer.swift in Sources */ = {isa = PBXBuildFile; fileRef = 043FBA8E2CE301CD002DDCDC /* TextToSpeechPlayer.swift */; };
		04873B4C2CE22EB300B12104 /* SpeechService.swift in Sources */ = {isa = PBXBuildFile; fileRef = 04873B4B2CE22EB300B12104 /* SpeechService.swift */; };
		04873B562CE231A700B12104 /* AVAudioSession+CustomSwizzling.m in Sources */ = {isa = PBXBuildFile; fileRef = 04873B552CE231A700B12104 /* AVAudioSession+CustomSwizzling.m */; };
		04D549682CDB3FDD00CCE517 /* AppDelegate.swift in Sources */ = {isa = PBXBuildFile; fileRef = 04D549672CDB3FDD00CCE517 /* AppDelegate.swift */; };
		04D5496A2CDB3FDD00CCE517 /* SceneDelegate.swift in Sources */ = {isa = PBXBuildFile; fileRef = 04D549692CDB3FDD00CCE517 /* SceneDelegate.swift */; };
		04D5496C2CDB3FDD00CCE517 /* ViewController.swift in Sources */ = {isa = PBXBuildFile; fileRef = 04D5496B2CDB3FDD00CCE517 /* ViewController.swift */; };
		04D5496F2CDB3FDD00CCE517 /* Base in Resources */ = {isa = PBXBuildFile; fileRef = 04D5496E2CDB3FDD00CCE517 /* Base */; };
		04D549712CDB3FDE00CCE517 /* Assets.xcassets in Resources */ = {isa = PBXBuildFile; fileRef = 04D549702CDB3FDE00CCE517 /* Assets.xcassets */; };
		04D549742CDB3FDE00CCE517 /* Base in Resources */ = {isa = PBXBuildFile; fileRef = 04D549732CDB3FDE00CCE517 /* Base */; };
		04D5497F2CDB3FDE00CCE517 /* VADemoTests.swift in Sources */ = {isa = PBXBuildFile; fileRef = 04D5497E2CDB3FDE00CCE517 /* VADemoTests.swift */; };
		04D549892CDB3FDE00CCE517 /* VADemoUITests.swift in Sources */ = {isa = PBXBuildFile; fileRef = 04D549882CDB3FDE00CCE517 /* VADemoUITests.swift */; };
		04D5498B2CDB3FDE00CCE517 /* VADemoUITestsLaunchTests.swift in Sources */ = {isa = PBXBuildFile; fileRef = 04D5498A2CDB3FDE00CCE517 /* VADemoUITestsLaunchTests.swift */; };
		04E1D4012CDB4D1200B42BFB /* AudioEngine.swift in Sources */ = {isa = PBXBuildFile; fileRef = 04E1D4002CDB4D1200B42BFB /* AudioEngine.swift */; };
		04E1D4032CDB4EA400B42BFB /* AudioPlayer.swift in Sources */ = {isa = PBXBuildFile; fileRef = 04E1D4022CDB4EA400B42BFB /* AudioPlayer.swift */; };
		04E1D4052CDC60D000B42BFB /* AudioSession.swift in Sources */ = {isa = PBXBuildFile; fileRef = 04E1D4042CDC60D000B42BFB /* AudioSession.swift */; };
		316069436E37856AC2C2E5B7 /* Pods_VADemo.framework in Frameworks */ = {isa = PBXBuildFile; fileRef = 823DDF7C6EC8B3B46F917B83 /* Pods_VADemo.framework */; };
		32BA74BFAB6768F94FEED401 /* Pods_VADemo_VADemoUITests.framework in Frameworks */ = {isa = PBXBuildFile; fileRef = D9FA68D3CD21E01BFED74C7D /* Pods_VADemo_VADemoUITests.framework */; };
		A38EC32116F05C9F47233391 /* Pods_VADemoTests.framework in Frameworks */ = {isa = PBXBuildFile; fileRef = 4FFC8A2FC7E9EEFBA77AF1F6 /* Pods_VADemoTests.framework */; };
/* End PBXBuildFile section */

/* Begin PBXContainerItemProxy section */
		04D5497B2CDB3FDE00CCE517 /* PBXContainerItemProxy */ = {
			isa = PBXContainerItemProxy;
			containerPortal = 04D5495C2CDB3FDD00CCE517 /* Project object */;
			proxyType = 1;
			remoteGlobalIDString = 04D549632CDB3FDD00CCE517;
			remoteInfo = VADemo;
		};
		04D549852CDB3FDE00CCE517 /* PBXContainerItemProxy */ = {
			isa = PBXContainerItemProxy;
			containerPortal = 04D5495C2CDB3FDD00CCE517 /* Project object */;
			proxyType = 1;
			remoteGlobalIDString = 04D549632CDB3FDD00CCE517;
			remoteInfo = VADemo;
		};
/* End PBXContainerItemProxy section */

/* Begin PBXFileReference section */
		0424300D2CE235A50005D4E6 /* TTSPlayer.swift */ = {isa = PBXFileReference; lastKnownFileType = sourcecode.swift; path = TTSPlayer.swift; sourceTree = "<group>"; };
		0424300F2CE2392A0005D4E6 /* SpeechSynthesizer.h */ = {isa = PBXFileReference; lastKnownFileType = sourcecode.c.h; path = SpeechSynthesizer.h; sourceTree = "<group>"; };
		042430102CE2392A0005D4E6 /* SpeechSynthesizer.m */ = {isa = PBXFileReference; lastKnownFileType = sourcecode.c.objc; path = SpeechSynthesizer.m; sourceTree = "<group>"; };
		042430152CE243840005D4E6 /* TextToSpeechManager.swift */ = {isa = PBXFileReference; lastKnownFileType = sourcecode.swift; path = TextToSpeechManager.swift; sourceTree = "<group>"; };
		043FBA8E2CE301CD002DDCDC /* TextToSpeechPlayer.swift */ = {isa = PBXFileReference; lastKnownFileType = sourcecode.swift; path = TextToSpeechPlayer.swift; sourceTree = "<group>"; };
		04873B4B2CE22EB300B12104 /* SpeechService.swift */ = {isa = PBXFileReference; lastKnownFileType = sourcecode.swift; path = SpeechService.swift; sourceTree = "<group>"; };
		04873B4D2CE2313200B12104 /* VADemo-Bridging-Header.h */ = {isa = PBXFileReference; lastKnownFileType = sourcecode.c.h; path = "VADemo-Bridging-Header.h"; sourceTree = "<group>"; };
		04873B542CE231A700B12104 /* AVAudioSession+CustomSwizzling.h */ = {isa = PBXFileReference; lastKnownFileType = sourcecode.c.h; path = "AVAudioSession+CustomSwizzling.h"; sourceTree = "<group>"; };
		04873B552CE231A700B12104 /* AVAudioSession+CustomSwizzling.m */ = {isa = PBXFileReference; lastKnownFileType = sourcecode.c.objc; path = "AVAudioSession+CustomSwizzling.m"; sourceTree = "<group>"; };
		04A21D302CDB47CC005B138A /* Masonry.framework */ = {isa = PBXFileReference; explicitFileType = wrapper.framework; path = Masonry.framework; sourceTree = BUILT_PRODUCTS_DIR; };
		04D549642CDB3FDD00CCE517 /* VADemo.app */ = {isa = PBXFileReference; explicitFileType = wrapper.application; includeInIndex = 0; path = VADemo.app; sourceTree = BUILT_PRODUCTS_DIR; };
		04D549672CDB3FDD00CCE517 /* AppDelegate.swift */ = {isa = PBXFileReference; lastKnownFileType = sourcecode.swift; path = AppDelegate.swift; sourceTree = "<group>"; };
		04D549692CDB3FDD00CCE517 /* SceneDelegate.swift */ = {isa = PBXFileReference; lastKnownFileType = sourcecode.swift; path = SceneDelegate.swift; sourceTree = "<group>"; };
		04D5496B2CDB3FDD00CCE517 /* ViewController.swift */ = {isa = PBXFileReference; lastKnownFileType = sourcecode.swift; path = ViewController.swift; sourceTree = "<group>"; };
		04D5496E2CDB3FDD00CCE517 /* Base */ = {isa = PBXFileReference; lastKnownFileType = file.storyboard; name = Base; path = Base.lproj/Main.storyboard; sourceTree = "<group>"; };
		04D549702CDB3FDE00CCE517 /* Assets.xcassets */ = {isa = PBXFileReference; lastKnownFileType = folder.assetcatalog; path = Assets.xcassets; sourceTree = "<group>"; };
		04D549732CDB3FDE00CCE517 /* Base */ = {isa = PBXFileReference; lastKnownFileType = file.storyboard; name = Base; path = Base.lproj/LaunchScreen.storyboard; sourceTree = "<group>"; };
		04D549752CDB3FDE00CCE517 /* Info.plist */ = {isa = PBXFileReference; lastKnownFileType = text.plist.xml; path = Info.plist; sourceTree = "<group>"; };
		04D5497A2CDB3FDE00CCE517 /* VADemoTests.xctest */ = {isa = PBXFileReference; explicitFileType = wrapper.cfbundle; includeInIndex = 0; path = VADemoTests.xctest; sourceTree = BUILT_PRODUCTS_DIR; };
		04D5497E2CDB3FDE00CCE517 /* VADemoTests.swift */ = {isa = PBXFileReference; lastKnownFileType = sourcecode.swift; path = VADemoTests.swift; sourceTree = "<group>"; };
		04D549842CDB3FDE00CCE517 /* VADemoUITests.xctest */ = {isa = PBXFileReference; explicitFileType = wrapper.cfbundle; includeInIndex = 0; path = VADemoUITests.xctest; sourceTree = BUILT_PRODUCTS_DIR; };
		04D549882CDB3FDE00CCE517 /* VADemoUITests.swift */ = {isa = PBXFileReference; lastKnownFileType = sourcecode.swift; path = VADemoUITests.swift; sourceTree = "<group>"; };
		04D5498A2CDB3FDE00CCE517 /* VADemoUITestsLaunchTests.swift */ = {isa = PBXFileReference; lastKnownFileType = sourcecode.swift; path = VADemoUITestsLaunchTests.swift; sourceTree = "<group>"; };
		04E1D4002CDB4D1200B42BFB /* AudioEngine.swift */ = {isa = PBXFileReference; lastKnownFileType = sourcecode.swift; path = AudioEngine.swift; sourceTree = "<group>"; };
		04E1D4022CDB4EA400B42BFB /* AudioPlayer.swift */ = {isa = PBXFileReference; lastKnownFileType = sourcecode.swift; path = AudioPlayer.swift; sourceTree = "<group>"; };
		04E1D4042CDC60D000B42BFB /* AudioSession.swift */ = {isa = PBXFileReference; lastKnownFileType = sourcecode.swift; path = AudioSession.swift; sourceTree = "<group>"; };
		44C521CA1EEFA5DCFEEE29B1 /* Pods-VADemo-VADemoUITests.debug.xcconfig */ = {isa = PBXFileReference; includeInIndex = 1; lastKnownFileType = text.xcconfig; name = "Pods-VADemo-VADemoUITests.debug.xcconfig"; path = "Target Support Files/Pods-VADemo-VADemoUITests/Pods-VADemo-VADemoUITests.debug.xcconfig"; sourceTree = "<group>"; };
		4FFC8A2FC7E9EEFBA77AF1F6 /* Pods_VADemoTests.framework */ = {isa = PBXFileReference; explicitFileType = wrapper.framework; includeInIndex = 0; path = Pods_VADemoTests.framework; sourceTree = BUILT_PRODUCTS_DIR; };
		823DDF7C6EC8B3B46F917B83 /* Pods_VADemo.framework */ = {isa = PBXFileReference; explicitFileType = wrapper.framework; includeInIndex = 0; path = Pods_VADemo.framework; sourceTree = BUILT_PRODUCTS_DIR; };
		8D3D265DCD04BB36512BE2FE /* Pods-VADemoTests.release.xcconfig */ = {isa = PBXFileReference; includeInIndex = 1; lastKnownFileType = text.xcconfig; name = "Pods-VADemoTests.release.xcconfig"; path = "Target Support Files/Pods-VADemoTests/Pods-VADemoTests.release.xcconfig"; sourceTree = "<group>"; };
		A8C4974DAECECA2D76A61D6F /* Pods-VADemoTests.debug.xcconfig */ = {isa = PBXFileReference; includeInIndex = 1; lastKnownFileType = text.xcconfig; name = "Pods-VADemoTests.debug.xcconfig"; path = "Target Support Files/Pods-VADemoTests/Pods-VADemoTests.debug.xcconfig"; sourceTree = "<group>"; };
		A98D274BFF51D2505CBB788C /* Pods-VADemo.release.xcconfig */ = {isa = PBXFileReference; includeInIndex = 1; lastKnownFileType = text.xcconfig; name = "Pods-VADemo.release.xcconfig"; path = "Target Support Files/Pods-VADemo/Pods-VADemo.release.xcconfig"; sourceTree = "<group>"; };
		D9FA68D3CD21E01BFED74C7D /* Pods_VADemo_VADemoUITests.framework */ = {isa = PBXFileReference; explicitFileType = wrapper.framework; includeInIndex = 0; path = Pods_VADemo_VADemoUITests.framework; sourceTree = BUILT_PRODUCTS_DIR; };
		DAF2BB370BB3C01CF32117CD /* Pods-VADemo-VADemoUITests.release.xcconfig */ = {isa = PBXFileReference; includeInIndex = 1; lastKnownFileType = text.xcconfig; name = "Pods-VADemo-VADemoUITests.release.xcconfig"; path = "Target Support Files/Pods-VADemo-VADemoUITests/Pods-VADemo-VADemoUITests.release.xcconfig"; sourceTree = "<group>"; };
		DC6404FD027C0485A33DB108 /* Pods-VADemo.debug.xcconfig */ = {isa = PBXFileReference; includeInIndex = 1; lastKnownFileType = text.xcconfig; name = "Pods-VADemo.debug.xcconfig"; path = "Target Support Files/Pods-VADemo/Pods-VADemo.debug.xcconfig"; sourceTree = "<group>"; };
/* End PBXFileReference section */

/* Begin PBXFrameworksBuildPhase section */
		04D549612CDB3FDD00CCE517 /* Frameworks */ = {
			isa = PBXFrameworksBuildPhase;
			buildActionMask = 2147483647;
			files = (
				316069436E37856AC2C2E5B7 /* Pods_VADemo.framework in Frameworks */,
			);
			runOnlyForDeploymentPostprocessing = 0;
		};
		04D549772CDB3FDE00CCE517 /* Frameworks */ = {
			isa = PBXFrameworksBuildPhase;
			buildActionMask = 2147483647;
			files = (
				A38EC32116F05C9F47233391 /* Pods_VADemoTests.framework in Frameworks */,
			);
			runOnlyForDeploymentPostprocessing = 0;
		};
		04D549812CDB3FDE00CCE517 /* Frameworks */ = {
			isa = PBXFrameworksBuildPhase;
			buildActionMask = 2147483647;
			files = (
				32BA74BFAB6768F94FEED401 /* Pods_VADemo_VADemoUITests.framework in Frameworks */,
			);
			runOnlyForDeploymentPostprocessing = 0;
		};
/* End PBXFrameworksBuildPhase section */

/* Begin PBXGroup section */
		04D5495B2CDB3FDD00CCE517 = {
			isa = PBXGroup;
			children = (
				04D549662CDB3FDD00CCE517 /* VADemo */,
				04D5497D2CDB3FDE00CCE517 /* VADemoTests */,
				04D549872CDB3FDE00CCE517 /* VADemoUITests */,
				04D549652CDB3FDD00CCE517 /* Products */,
				EF73C4AED6A101F7421AAF84 /* Pods */,
				959195E281AA05B84D4186D4 /* Frameworks */,
			);
			sourceTree = "<group>";
		};
		04D549652CDB3FDD00CCE517 /* Products */ = {
			isa = PBXGroup;
			children = (
				04D549642CDB3FDD00CCE517 /* VADemo.app */,
				04D5497A2CDB3FDE00CCE517 /* VADemoTests.xctest */,
				04D549842CDB3FDE00CCE517 /* VADemoUITests.xctest */,
			);
			name = Products;
			sourceTree = "<group>";
		};
		04D549662CDB3FDD00CCE517 /* VADemo */ = {
			isa = PBXGroup;
			children = (
				04E1D3FA2CDB4C4700B42BFB /* VA */,
				04D549672CDB3FDD00CCE517 /* AppDelegate.swift */,
				04D549692CDB3FDD00CCE517 /* SceneDelegate.swift */,
				04D5496B2CDB3FDD00CCE517 /* ViewController.swift */,
				04D5496D2CDB3FDD00CCE517 /* Main.storyboard */,
				04D549702CDB3FDE00CCE517 /* Assets.xcassets */,
				04D549722CDB3FDE00CCE517 /* LaunchScreen.storyboard */,
				04D549752CDB3FDE00CCE517 /* Info.plist */,
			);
			path = VADemo;
			sourceTree = "<group>";
		};
		04D5497D2CDB3FDE00CCE517 /* VADemoTests */ = {
			isa = PBXGroup;
			children = (
				04D5497E2CDB3FDE00CCE517 /* VADemoTests.swift */,
			);
			path = VADemoTests;
			sourceTree = "<group>";
		};
		04D549872CDB3FDE00CCE517 /* VADemoUITests */ = {
			isa = PBXGroup;
			children = (
				04D549882CDB3FDE00CCE517 /* VADemoUITests.swift */,
				04D5498A2CDB3FDE00CCE517 /* VADemoUITestsLaunchTests.swift */,
			);
			path = VADemoUITests;
			sourceTree = "<group>";
		};
		04E1D3FA2CDB4C4700B42BFB /* VA */ = {
			isa = PBXGroup;
			children = (
				04873B4D2CE2313200B12104 /* VADemo-Bridging-Header.h */,
				04E1D4002CDB4D1200B42BFB /* AudioEngine.swift */,
				04E1D4022CDB4EA400B42BFB /* AudioPlayer.swift */,
				04E1D4042CDC60D000B42BFB /* AudioSession.swift */,
				04873B4B2CE22EB300B12104 /* SpeechService.swift */,
				0424300D2CE235A50005D4E6 /* TTSPlayer.swift */,
				0424300F2CE2392A0005D4E6 /* SpeechSynthesizer.h */,
				042430102CE2392A0005D4E6 /* SpeechSynthesizer.m */,
				04873B542CE231A700B12104 /* AVAudioSession+CustomSwizzling.h */,
				04873B552CE231A700B12104 /* AVAudioSession+CustomSwizzling.m */,
				042430152CE243840005D4E6 /* TextToSpeechManager.swift */,
				043FBA8E2CE301CD002DDCDC /* TextToSpeechPlayer.swift */,
			);
			path = VA;
			sourceTree = "<group>";
		};
		959195E281AA05B84D4186D4 /* Frameworks */ = {
			isa = PBXGroup;
			children = (
				04A21D302CDB47CC005B138A /* Masonry.framework */,
				823DDF7C6EC8B3B46F917B83 /* Pods_VADemo.framework */,
				D9FA68D3CD21E01BFED74C7D /* Pods_VADemo_VADemoUITests.framework */,
				4FFC8A2FC7E9EEFBA77AF1F6 /* Pods_VADemoTests.framework */,
			);
			name = Frameworks;
			sourceTree = "<group>";
		};
		EF73C4AED6A101F7421AAF84 /* Pods */ = {
			isa = PBXGroup;
			children = (
				DC6404FD027C0485A33DB108 /* Pods-VADemo.debug.xcconfig */,
				A98D274BFF51D2505CBB788C /* Pods-VADemo.release.xcconfig */,
				44C521CA1EEFA5DCFEEE29B1 /* Pods-VADemo-VADemoUITests.debug.xcconfig */,
				DAF2BB370BB3C01CF32117CD /* Pods-VADemo-VADemoUITests.release.xcconfig */,
				A8C4974DAECECA2D76A61D6F /* Pods-VADemoTests.debug.xcconfig */,
				8D3D265DCD04BB36512BE2FE /* Pods-VADemoTests.release.xcconfig */,
			);
			path = Pods;
			sourceTree = "<group>";
		};
/* End PBXGroup section */

/* Begin PBXNativeTarget section */
		04D549632CDB3FDD00CCE517 /* VADemo */ = {
			isa = PBXNativeTarget;
			buildConfigurationList = 04D5498E2CDB3FDE00CCE517 /* Build configuration list for PBXNativeTarget "VADemo" */;
			buildPhases = (
				AD5BE855BD7D7373B20D6E46 /* [CP] Check Pods Manifest.lock */,
				04D549602CDB3FDD00CCE517 /* Sources */,
				04D549612CDB3FDD00CCE517 /* Frameworks */,
				04D549622CDB3FDD00CCE517 /* Resources */,
				21BAA122D7883DD59E18C895 /* [CP] Embed Pods Frameworks */,
			);
			buildRules = (
			);
			dependencies = (
			);
			name = VADemo;
			productName = VADemo;
			productReference = 04D549642CDB3FDD00CCE517 /* VADemo.app */;
			productType = "com.apple.product-type.application";
		};
		04D549792CDB3FDE00CCE517 /* VADemoTests */ = {
			isa = PBXNativeTarget;
			buildConfigurationList = 04D549912CDB3FDE00CCE517 /* Build configuration list for PBXNativeTarget "VADemoTests" */;
			buildPhases = (
				1104F7A1EE0BD626824F60AF /* [CP] Check Pods Manifest.lock */,
				04D549762CDB3FDE00CCE517 /* Sources */,
				04D549772CDB3FDE00CCE517 /* Frameworks */,
				04D549782CDB3FDE00CCE517 /* Resources */,
			);
			buildRules = (
			);
			dependencies = (
				04D5497C2CDB3FDE00CCE517 /* PBXTargetDependency */,
			);
			name = VADemoTests;
			productName = VADemoTests;
			productReference = 04D5497A2CDB3FDE00CCE517 /* VADemoTests.xctest */;
			productType = "com.apple.product-type.bundle.unit-test";
		};
		04D549832CDB3FDE00CCE517 /* VADemoUITests */ = {
			isa = PBXNativeTarget;
			buildConfigurationList = 04D549942CDB3FDE00CCE517 /* Build configuration list for PBXNativeTarget "VADemoUITests" */;
			buildPhases = (
				931990B7F9FAD7BBF7729E9E /* [CP] Check Pods Manifest.lock */,
				04D549802CDB3FDE00CCE517 /* Sources */,
				04D549812CDB3FDE00CCE517 /* Frameworks */,
				04D549822CDB3FDE00CCE517 /* Resources */,
				8690D72DA7243C25A27DFBCA /* [CP] Embed Pods Frameworks */,
			);
			buildRules = (
			);
			dependencies = (
				04D549862CDB3FDE00CCE517 /* PBXTargetDependency */,
			);
			name = VADemoUITests;
			productName = VADemoUITests;
			productReference = 04D549842CDB3FDE00CCE517 /* VADemoUITests.xctest */;
			productType = "com.apple.product-type.bundle.ui-testing";
		};
/* End PBXNativeTarget section */

/* Begin PBXProject section */
		04D5495C2CDB3FDD00CCE517 /* Project object */ = {
			isa = PBXProject;
			attributes = {
				BuildIndependentTargetsInParallel = 1;
				LastSwiftUpdateCheck = 1530;
				LastUpgradeCheck = 1530;
				TargetAttributes = {
					04D549632CDB3FDD00CCE517 = {
						CreatedOnToolsVersion = 15.3;
						LastSwiftMigration = 1530;
					};
					04D549792CDB3FDE00CCE517 = {
						CreatedOnToolsVersion = 15.3;
						TestTargetID = 04D549632CDB3FDD00CCE517;
					};
					04D549832CDB3FDE00CCE517 = {
						CreatedOnToolsVersion = 15.3;
						TestTargetID = 04D549632CDB3FDD00CCE517;
					};
				};
			};
			buildConfigurationList = 04D5495F2CDB3FDD00CCE517 /* Build configuration list for PBXProject "VADemo" */;
			compatibilityVersion = "Xcode 14.0";
			developmentRegion = en;
			hasScannedForEncodings = 0;
			knownRegions = (
				en,
				Base,
			);
			mainGroup = 04D5495B2CDB3FDD00CCE517;
			productRefGroup = 04D549652CDB3FDD00CCE517 /* Products */;
			projectDirPath = "";
			projectRoot = "";
			targets = (
				04D549632CDB3FDD00CCE517 /* VADemo */,
				04D549792CDB3FDE00CCE517 /* VADemoTests */,
				04D549832CDB3FDE00CCE517 /* VADemoUITests */,
			);
		};
/* End PBXProject section */

/* Begin PBXResourcesBuildPhase section */
		04D549622CDB3FDD00CCE517 /* Resources */ = {
			isa = PBXResourcesBuildPhase;
			buildActionMask = 2147483647;
			files = (
				04D549712CDB3FDE00CCE517 /* Assets.xcassets in Resources */,
				04D549742CDB3FDE00CCE517 /* Base in Resources */,
				04D5496F2CDB3FDD00CCE517 /* Base in Resources */,
			);
			runOnlyForDeploymentPostprocessing = 0;
		};
		04D549782CDB3FDE00CCE517 /* Resources */ = {
			isa = PBXResourcesBuildPhase;
			buildActionMask = 2147483647;
			files = (
			);
			runOnlyForDeploymentPostprocessing = 0;
		};
		04D549822CDB3FDE00CCE517 /* Resources */ = {
			isa = PBXResourcesBuildPhase;
			buildActionMask = 2147483647;
			files = (
			);
			runOnlyForDeploymentPostprocessing = 0;
		};
/* End PBXResourcesBuildPhase section */

/* Begin PBXShellScriptBuildPhase section */
		1104F7A1EE0BD626824F60AF /* [CP] Check Pods Manifest.lock */ = {
			isa = PBXShellScriptBuildPhase;
			buildActionMask = 2147483647;
			files = (
			);
			inputFileListPaths = (
			);
			inputPaths = (
				"${PODS_PODFILE_DIR_PATH}/Podfile.lock",
				"${PODS_ROOT}/Manifest.lock",
			);
			name = "[CP] Check Pods Manifest.lock";
			outputFileListPaths = (
			);
			outputPaths = (
				"$(DERIVED_FILE_DIR)/Pods-VADemoTests-checkManifestLockResult.txt",
			);
			runOnlyForDeploymentPostprocessing = 0;
			shellPath = /bin/sh;
			shellScript = "diff \"${PODS_PODFILE_DIR_PATH}/Podfile.lock\" \"${PODS_ROOT}/Manifest.lock\" > /dev/null\nif [ $? != 0 ] ; then\n    # print error to STDERR\n    echo \"error: The sandbox is not in sync with the Podfile.lock. Run 'pod install' or update your CocoaPods installation.\" >&2\n    exit 1\nfi\n# This output is used by Xcode 'outputs' to avoid re-running this script phase.\necho \"SUCCESS\" > \"${SCRIPT_OUTPUT_FILE_0}\"\n";
			showEnvVarsInLog = 0;
		};
		21BAA122D7883DD59E18C895 /* [CP] Embed Pods Frameworks */ = {
			isa = PBXShellScriptBuildPhase;
			buildActionMask = 2147483647;
			files = (
			);
			inputFileListPaths = (
				"${PODS_ROOT}/Target Support Files/Pods-VADemo/Pods-VADemo-frameworks-${CONFIGURATION}-input-files.xcfilelist",
			);
			name = "[CP] Embed Pods Frameworks";
			outputFileListPaths = (
				"${PODS_ROOT}/Target Support Files/Pods-VADemo/Pods-VADemo-frameworks-${CONFIGURATION}-output-files.xcfilelist",
			);
			runOnlyForDeploymentPostprocessing = 0;
			shellPath = /bin/sh;
			shellScript = "\"${PODS_ROOT}/Target Support Files/Pods-VADemo/Pods-VADemo-frameworks.sh\"\n";
			showEnvVarsInLog = 0;
		};
		8690D72DA7243C25A27DFBCA /* [CP] Embed Pods Frameworks */ = {
			isa = PBXShellScriptBuildPhase;
			buildActionMask = 2147483647;
			files = (
			);
			inputFileListPaths = (
				"${PODS_ROOT}/Target Support Files/Pods-VADemo-VADemoUITests/Pods-VADemo-VADemoUITests-frameworks-${CONFIGURATION}-input-files.xcfilelist",
			);
			name = "[CP] Embed Pods Frameworks";
			outputFileListPaths = (
				"${PODS_ROOT}/Target Support Files/Pods-VADemo-VADemoUITests/Pods-VADemo-VADemoUITests-frameworks-${CONFIGURATION}-output-files.xcfilelist",
			);
			runOnlyForDeploymentPostprocessing = 0;
			shellPath = /bin/sh;
			shellScript = "\"${PODS_ROOT}/Target Support Files/Pods-VADemo-VADemoUITests/Pods-VADemo-VADemoUITests-frameworks.sh\"\n";
			showEnvVarsInLog = 0;
		};
		931990B7F9FAD7BBF7729E9E /* [CP] Check Pods Manifest.lock */ = {
			isa = PBXShellScriptBuildPhase;
			buildActionMask = 2147483647;
			files = (
			);
			inputFileListPaths = (
			);
			inputPaths = (
				"${PODS_PODFILE_DIR_PATH}/Podfile.lock",
				"${PODS_ROOT}/Manifest.lock",
			);
			name = "[CP] Check Pods Manifest.lock";
			outputFileListPaths = (
			);
			outputPaths = (
				"$(DERIVED_FILE_DIR)/Pods-VADemo-VADemoUITests-checkManifestLockResult.txt",
			);
			runOnlyForDeploymentPostprocessing = 0;
			shellPath = /bin/sh;
			shellScript = "diff \"${PODS_PODFILE_DIR_PATH}/Podfile.lock\" \"${PODS_ROOT}/Manifest.lock\" > /dev/null\nif [ $? != 0 ] ; then\n    # print error to STDERR\n    echo \"error: The sandbox is not in sync with the Podfile.lock. Run 'pod install' or update your CocoaPods installation.\" >&2\n    exit 1\nfi\n# This output is used by Xcode 'outputs' to avoid re-running this script phase.\necho \"SUCCESS\" > \"${SCRIPT_OUTPUT_FILE_0}\"\n";
			showEnvVarsInLog = 0;
		};
		AD5BE855BD7D7373B20D6E46 /* [CP] Check Pods Manifest.lock */ = {
			isa = PBXShellScriptBuildPhase;
			buildActionMask = 2147483647;
			files = (
			);
			inputFileListPaths = (
			);
			inputPaths = (
				"${PODS_PODFILE_DIR_PATH}/Podfile.lock",
				"${PODS_ROOT}/Manifest.lock",
			);
			name = "[CP] Check Pods Manifest.lock";
			outputFileListPaths = (
			);
			outputPaths = (
				"$(DERIVED_FILE_DIR)/Pods-VADemo-checkManifestLockResult.txt",
			);
			runOnlyForDeploymentPostprocessing = 0;
			shellPath = /bin/sh;
			shellScript = "diff \"${PODS_PODFILE_DIR_PATH}/Podfile.lock\" \"${PODS_ROOT}/Manifest.lock\" > /dev/null\nif [ $? != 0 ] ; then\n    # print error to STDERR\n    echo \"error: The sandbox is not in sync with the Podfile.lock. Run 'pod install' or update your CocoaPods installation.\" >&2\n    exit 1\nfi\n# This output is used by Xcode 'outputs' to avoid re-running this script phase.\necho \"SUCCESS\" > \"${SCRIPT_OUTPUT_FILE_0}\"\n";
			showEnvVarsInLog = 0;
		};
/* End PBXShellScriptBuildPhase section */

/* Begin PBXSourcesBuildPhase section */
		04D549602CDB3FDD00CCE517 /* Sources */ = {
			isa = PBXSourcesBuildPhase;
			buildActionMask = 2147483647;
			files = (
				04D5496C2CDB3FDD00CCE517 /* ViewController.swift in Sources */,
				04D549682CDB3FDD00CCE517 /* AppDelegate.swift in Sources */,
				04E1D4032CDB4EA400B42BFB /* AudioPlayer.swift in Sources */,
				04E1D4012CDB4D1200B42BFB /* AudioEngine.swift in Sources */,
				04873B4C2CE22EB300B12104 /* SpeechService.swift in Sources */,
				04D5496A2CDB3FDD00CCE517 /* SceneDelegate.swift in Sources */,
				042430112CE2392A0005D4E6 /* SpeechSynthesizer.m in Sources */,
				043FBA8F2CE301CD002DDCDC /* TextToSpeechPlayer.swift in Sources */,
				04873B562CE231A700B12104 /* AVAudioSession+CustomSwizzling.m in Sources */,
				042430162CE243840005D4E6 /* TextToSpeechManager.swift in Sources */,
				04E1D4052CDC60D000B42BFB /* AudioSession.swift in Sources */,
				0424300E2CE235A50005D4E6 /* TTSPlayer.swift in Sources */,
			);
			runOnlyForDeploymentPostprocessing = 0;
		};
		04D549762CDB3FDE00CCE517 /* Sources */ = {
			isa = PBXSourcesBuildPhase;
			buildActionMask = 2147483647;
			files = (
				04D5497F2CDB3FDE00CCE517 /* VADemoTests.swift in Sources */,
			);
			runOnlyForDeploymentPostprocessing = 0;
		};
		04D549802CDB3FDE00CCE517 /* Sources */ = {
			isa = PBXSourcesBuildPhase;
			buildActionMask = 2147483647;
			files = (
				04D5498B2CDB3FDE00CCE517 /* VADemoUITestsLaunchTests.swift in Sources */,
				04D549892CDB3FDE00CCE517 /* VADemoUITests.swift in Sources */,
			);
			runOnlyForDeploymentPostprocessing = 0;
		};
/* End PBXSourcesBuildPhase section */

/* Begin PBXTargetDependency section */
		04D5497C2CDB3FDE00CCE517 /* PBXTargetDependency */ = {
			isa = PBXTargetDependency;
			target = 04D549632CDB3FDD00CCE517 /* VADemo */;
			targetProxy = 04D5497B2CDB3FDE00CCE517 /* PBXContainerItemProxy */;
		};
		04D549862CDB3FDE00CCE517 /* PBXTargetDependency */ = {
			isa = PBXTargetDependency;
			target = 04D549632CDB3FDD00CCE517 /* VADemo */;
			targetProxy = 04D549852CDB3FDE00CCE517 /* PBXContainerItemProxy */;
		};
/* End PBXTargetDependency section */

/* Begin PBXVariantGroup section */
		04D5496D2CDB3FDD00CCE517 /* Main.storyboard */ = {
			isa = PBXVariantGroup;
			children = (
				04D5496E2CDB3FDD00CCE517 /* Base */,
			);
			name = Main.storyboard;
			sourceTree = "<group>";
		};
		04D549722CDB3FDE00CCE517 /* LaunchScreen.storyboard */ = {
			isa = PBXVariantGroup;
			children = (
				04D549732CDB3FDE00CCE517 /* Base */,
			);
			name = LaunchScreen.storyboard;
			sourceTree = "<group>";
		};
/* End PBXVariantGroup section */

/* Begin XCBuildConfiguration section */
		04D5498C2CDB3FDE00CCE517 /* Debug */ = {
			isa = XCBuildConfiguration;
			buildSettings = {
				ALWAYS_SEARCH_USER_PATHS = NO;
				ASSETCATALOG_COMPILER_GENERATE_SWIFT_ASSET_SYMBOL_EXTENSIONS = YES;
				CLANG_ANALYZER_NONNULL = YES;
				CLANG_ANALYZER_NUMBER_OBJECT_CONVERSION = YES_AGGRESSIVE;
				CLANG_CXX_LANGUAGE_STANDARD = "gnu++20";
				CLANG_ENABLE_MODULES = YES;
				CLANG_ENABLE_OBJC_ARC = YES;
				CLANG_ENABLE_OBJC_WEAK = YES;
				CLANG_WARN_BLOCK_CAPTURE_AUTORELEASING = YES;
				CLANG_WARN_BOOL_CONVERSION = YES;
				CLANG_WARN_COMMA = YES;
				CLANG_WARN_CONSTANT_CONVERSION = YES;
				CLANG_WARN_DEPRECATED_OBJC_IMPLEMENTATIONS = YES;
				CLANG_WARN_DIRECT_OBJC_ISA_USAGE = YES_ERROR;
				CLANG_WARN_DOCUMENTATION_COMMENTS = YES;
				CLANG_WARN_EMPTY_BODY = YES;
				CLANG_WARN_ENUM_CONVERSION = YES;
				CLANG_WARN_INFINITE_RECURSION = YES;
				CLANG_WARN_INT_CONVERSION = YES;
				CLANG_WARN_NON_LITERAL_NULL_CONVERSION = YES;
				CLANG_WARN_OBJC_IMPLICIT_RETAIN_SELF = YES;
				CLANG_WARN_OBJC_LITERAL_CONVERSION = YES;
				CLANG_WARN_OBJC_ROOT_CLASS = YES_ERROR;
				CLANG_WARN_QUOTED_INCLUDE_IN_FRAMEWORK_HEADER = YES;
				CLANG_WARN_RANGE_LOOP_ANALYSIS = YES;
				CLANG_WARN_STRICT_PROTOTYPES = YES;
				CLANG_WARN_SUSPICIOUS_MOVE = YES;
				CLANG_WARN_UNGUARDED_AVAILABILITY = YES_AGGRESSIVE;
				CLANG_WARN_UNREACHABLE_CODE = YES;
				CLANG_WARN__DUPLICATE_METHOD_MATCH = YES;
				COPY_PHASE_STRIP = NO;
				DEBUG_INFORMATION_FORMAT = dwarf;
				ENABLE_STRICT_OBJC_MSGSEND = YES;
				ENABLE_TESTABILITY = YES;
				ENABLE_USER_SCRIPT_SANDBOXING = YES;
				GCC_C_LANGUAGE_STANDARD = gnu17;
				GCC_DYNAMIC_NO_PIC = NO;
				GCC_NO_COMMON_BLOCKS = YES;
				GCC_OPTIMIZATION_LEVEL = 0;
				GCC_PREPROCESSOR_DEFINITIONS = (
					"DEBUG=1",
					"$(inherited)",
				);
				GCC_WARN_64_TO_32_BIT_CONVERSION = YES;
				GCC_WARN_ABOUT_RETURN_TYPE = YES_ERROR;
				GCC_WARN_UNDECLARED_SELECTOR = YES;
				GCC_WARN_UNINITIALIZED_AUTOS = YES_AGGRESSIVE;
				GCC_WARN_UNUSED_FUNCTION = YES;
				GCC_WARN_UNUSED_VARIABLE = YES;
				IPHONEOS_DEPLOYMENT_TARGET = 17.4;
				LOCALIZATION_PREFERS_STRING_CATALOGS = YES;
				MTL_ENABLE_DEBUG_INFO = INCLUDE_SOURCE;
				MTL_FAST_MATH = YES;
				ONLY_ACTIVE_ARCH = YES;
				SDKROOT = iphoneos;
				SWIFT_ACTIVE_COMPILATION_CONDITIONS = "DEBUG $(inherited)";
				SWIFT_OPTIMIZATION_LEVEL = "-Onone";
			};
			name = Debug;
		};
		04D5498D2CDB3FDE00CCE517 /* Release */ = {
			isa = XCBuildConfiguration;
			buildSettings = {
				ALWAYS_SEARCH_USER_PATHS = NO;
				ASSETCATALOG_COMPILER_GENERATE_SWIFT_ASSET_SYMBOL_EXTENSIONS = YES;
				CLANG_ANALYZER_NONNULL = YES;
				CLANG_ANALYZER_NUMBER_OBJECT_CONVERSION = YES_AGGRESSIVE;
				CLANG_CXX_LANGUAGE_STANDARD = "gnu++20";
				CLANG_ENABLE_MODULES = YES;
				CLANG_ENABLE_OBJC_ARC = YES;
				CLANG_ENABLE_OBJC_WEAK = YES;
				CLANG_WARN_BLOCK_CAPTURE_AUTORELEASING = YES;
				CLANG_WARN_BOOL_CONVERSION = YES;
				CLANG_WARN_COMMA = YES;
				CLANG_WARN_CONSTANT_CONVERSION = YES;
				CLANG_WARN_DEPRECATED_OBJC_IMPLEMENTATIONS = YES;
				CLANG_WARN_DIRECT_OBJC_ISA_USAGE = YES_ERROR;
				CLANG_WARN_DOCUMENTATION_COMMENTS = YES;
				CLANG_WARN_EMPTY_BODY = YES;
				CLANG_WARN_ENUM_CONVERSION = YES;
				CLANG_WARN_INFINITE_RECURSION = YES;
				CLANG_WARN_INT_CONVERSION = YES;
				CLANG_WARN_NON_LITERAL_NULL_CONVERSION = YES;
				CLANG_WARN_OBJC_IMPLICIT_RETAIN_SELF = YES;
				CLANG_WARN_OBJC_LITERAL_CONVERSION = YES;
				CLANG_WARN_OBJC_ROOT_CLASS = YES_ERROR;
				CLANG_WARN_QUOTED_INCLUDE_IN_FRAMEWORK_HEADER = YES;
				CLANG_WARN_RANGE_LOOP_ANALYSIS = YES;
				CLANG_WARN_STRICT_PROTOTYPES = YES;
				CLANG_WARN_SUSPICIOUS_MOVE = YES;
				CLANG_WARN_UNGUARDED_AVAILABILITY = YES_AGGRESSIVE;
				CLANG_WARN_UNREACHABLE_CODE = YES;
				CLANG_WARN__DUPLICATE_METHOD_MATCH = YES;
				COPY_PHASE_STRIP = NO;
				DEBUG_INFORMATION_FORMAT = "dwarf-with-dsym";
				ENABLE_NS_ASSERTIONS = NO;
				ENABLE_STRICT_OBJC_MSGSEND = YES;
				ENABLE_USER_SCRIPT_SANDBOXING = YES;
				GCC_C_LANGUAGE_STANDARD = gnu17;
				GCC_NO_COMMON_BLOCKS = YES;
				GCC_WARN_64_TO_32_BIT_CONVERSION = YES;
				GCC_WARN_ABOUT_RETURN_TYPE = YES_ERROR;
				GCC_WARN_UNDECLARED_SELECTOR = YES;
				GCC_WARN_UNINITIALIZED_AUTOS = YES_AGGRESSIVE;
				GCC_WARN_UNUSED_FUNCTION = YES;
				GCC_WARN_UNUSED_VARIABLE = YES;
				IPHONEOS_DEPLOYMENT_TARGET = 17.4;
				LOCALIZATION_PREFERS_STRING_CATALOGS = YES;
				MTL_ENABLE_DEBUG_INFO = NO;
				MTL_FAST_MATH = YES;
				SDKROOT = iphoneos;
				SWIFT_COMPILATION_MODE = wholemodule;
				VALIDATE_PRODUCT = YES;
			};
			name = Release;
		};
		04D5498F2CDB3FDE00CCE517 /* Debug */ = {
			isa = XCBuildConfiguration;
			baseConfigurationReference = DC6404FD027C0485A33DB108 /* Pods-VADemo.debug.xcconfig */;
			buildSettings = {
				ASSETCATALOG_COMPILER_APPICON_NAME = AppIcon;
				ASSETCATALOG_COMPILER_GLOBAL_ACCENT_COLOR_NAME = AccentColor;
				CLANG_ENABLE_MODULES = YES;
				CODE_SIGN_STYLE = Automatic;
				CURRENT_PROJECT_VERSION = 1;
				DEVELOPMENT_TEAM = HM2XFJ76LK;
				ENABLE_USER_SCRIPT_SANDBOXING = NO;
				GENERATE_INFOPLIST_FILE = YES;
				INFOPLIST_FILE = VADemo/Info.plist;
				INFOPLIST_KEY_UIApplicationSupportsIndirectInputEvents = YES;
				INFOPLIST_KEY_UILaunchStoryboardName = LaunchScreen;
				INFOPLIST_KEY_UIMainStoryboardFile = Main;
				INFOPLIST_KEY_UISupportedInterfaceOrientations_iPad = "UIInterfaceOrientationPortrait UIInterfaceOrientationPortraitUpsideDown UIInterfaceOrientationLandscapeLeft UIInterfaceOrientationLandscapeRight";
				INFOPLIST_KEY_UISupportedInterfaceOrientations_iPhone = "UIInterfaceOrientationPortrait UIInterfaceOrientationLandscapeLeft UIInterfaceOrientationLandscapeRight";
				IPHONEOS_DEPLOYMENT_TARGET = 14.5;
				LD_RUNPATH_SEARCH_PATHS = (
					"$(inherited)",
					"@executable_path/Frameworks",
				);
				MARKETING_VERSION = 1.0;
				PRODUCT_BUNDLE_IDENTIFIER = "com.Trucker-Path-Pro-Dev";
				PRODUCT_NAME = "$(TARGET_NAME)";
				SWIFT_EMIT_LOC_STRINGS = YES;
				SWIFT_OBJC_BRIDGING_HEADER = "VADemo/VA/VADemo-Bridging-Header.h";
				SWIFT_OPTIMIZATION_LEVEL = "-Onone";
				SWIFT_VERSION = 5.0;
				TARGETED_DEVICE_FAMILY = "1,2";
			};
			name = Debug;
		};
		04D549902CDB3FDE00CCE517 /* Release */ = {
			isa = XCBuildConfiguration;
			baseConfigurationReference = A98D274BFF51D2505CBB788C /* Pods-VADemo.release.xcconfig */;
			buildSettings = {
				ASSETCATALOG_COMPILER_APPICON_NAME = AppIcon;
				ASSETCATALOG_COMPILER_GLOBAL_ACCENT_COLOR_NAME = AccentColor;
				CLANG_ENABLE_MODULES = YES;
				CODE_SIGN_STYLE = Automatic;
				CURRENT_PROJECT_VERSION = 1;
				DEVELOPMENT_TEAM = HM2XFJ76LK;
				ENABLE_USER_SCRIPT_SANDBOXING = NO;
				GENERATE_INFOPLIST_FILE = YES;
				INFOPLIST_FILE = VADemo/Info.plist;
				INFOPLIST_KEY_UIApplicationSupportsIndirectInputEvents = YES;
				INFOPLIST_KEY_UILaunchStoryboardName = LaunchScreen;
				INFOPLIST_KEY_UIMainStoryboardFile = Main;
				INFOPLIST_KEY_UISupportedInterfaceOrientations_iPad = "UIInterfaceOrientationPortrait UIInterfaceOrientationPortraitUpsideDown UIInterfaceOrientationLandscapeLeft UIInterfaceOrientationLandscapeRight";
				INFOPLIST_KEY_UISupportedInterfaceOrientations_iPhone = "UIInterfaceOrientationPortrait UIInterfaceOrientationLandscapeLeft UIInterfaceOrientationLandscapeRight";
				IPHONEOS_DEPLOYMENT_TARGET = 14.5;
				LD_RUNPATH_SEARCH_PATHS = (
					"$(inherited)",
					"@executable_path/Frameworks",
				);
				MARKETING_VERSION = 1.0;
				PRODUCT_BUNDLE_IDENTIFIER = "com.Trucker-Path-Pro-Dev";
				PRODUCT_NAME = "$(TARGET_NAME)";
				SWIFT_EMIT_LOC_STRINGS = YES;
				SWIFT_OBJC_BRIDGING_HEADER = "VADemo/VA/VADemo-Bridging-Header.h";
				SWIFT_VERSION = 5.0;
				TARGETED_DEVICE_FAMILY = "1,2";
			};
			name = Release;
		};
		04D549922CDB3FDE00CCE517 /* Debug */ = {
			isa = XCBuildConfiguration;
			baseConfigurationReference = A8C4974DAECECA2D76A61D6F /* Pods-VADemoTests.debug.xcconfig */;
			buildSettings = {
				ALWAYS_EMBED_SWIFT_STANDARD_LIBRARIES = YES;
				BUNDLE_LOADER = "$(TEST_HOST)";
				CODE_SIGN_STYLE = Automatic;
				CURRENT_PROJECT_VERSION = 1;
				DEVELOPMENT_TEAM = HM2XFJ76LK;
				GENERATE_INFOPLIST_FILE = YES;
				IPHONEOS_DEPLOYMENT_TARGET = 17.4;
				MARKETING_VERSION = 1.0;
				PRODUCT_BUNDLE_IDENTIFIER = "com.Trucker-Path-Pro-Dev.VADemoTests";
				PRODUCT_NAME = "$(TARGET_NAME)";
				SWIFT_EMIT_LOC_STRINGS = NO;
				SWIFT_VERSION = 5.0;
				TARGETED_DEVICE_FAMILY = "1,2";
				TEST_HOST = "$(BUILT_PRODUCTS_DIR)/VADemo.app/$(BUNDLE_EXECUTABLE_FOLDER_PATH)/VADemo";
			};
			name = Debug;
		};
		04D549932CDB3FDE00CCE517 /* Release */ = {
			isa = XCBuildConfiguration;
			baseConfigurationReference = 8D3D265DCD04BB36512BE2FE /* Pods-VADemoTests.release.xcconfig */;
			buildSettings = {
				ALWAYS_EMBED_SWIFT_STANDARD_LIBRARIES = YES;
				BUNDLE_LOADER = "$(TEST_HOST)";
				CODE_SIGN_STYLE = Automatic;
				CURRENT_PROJECT_VERSION = 1;
				DEVELOPMENT_TEAM = HM2XFJ76LK;
				GENERATE_INFOPLIST_FILE = YES;
				IPHONEOS_DEPLOYMENT_TARGET = 17.4;
				MARKETING_VERSION = 1.0;
				PRODUCT_BUNDLE_IDENTIFIER = "com.Trucker-Path-Pro-Dev.VADemoTests";
				PRODUCT_NAME = "$(TARGET_NAME)";
				SWIFT_EMIT_LOC_STRINGS = NO;
				SWIFT_VERSION = 5.0;
				TARGETED_DEVICE_FAMILY = "1,2";
				TEST_HOST = "$(BUILT_PRODUCTS_DIR)/VADemo.app/$(BUNDLE_EXECUTABLE_FOLDER_PATH)/VADemo";
			};
			name = Release;
		};
		04D549952CDB3FDE00CCE517 /* Debug */ = {
			isa = XCBuildConfiguration;
			baseConfigurationReference = 44C521CA1EEFA5DCFEEE29B1 /* Pods-VADemo-VADemoUITests.debug.xcconfig */;
			buildSettings = {
				ALWAYS_EMBED_SWIFT_STANDARD_LIBRARIES = YES;
				CODE_SIGN_STYLE = Automatic;
				CURRENT_PROJECT_VERSION = 1;
				DEVELOPMENT_TEAM = HM2XFJ76LK;
				GENERATE_INFOPLIST_FILE = YES;
				MARKETING_VERSION = 1.0;
				PRODUCT_BUNDLE_IDENTIFIER = "com.Trucker-Path-Pro-Dev.VADemoUITests";
				PRODUCT_NAME = "$(TARGET_NAME)";
				SWIFT_EMIT_LOC_STRINGS = NO;
				SWIFT_VERSION = 5.0;
				TARGETED_DEVICE_FAMILY = "1,2";
				TEST_TARGET_NAME = VADemo;
			};
			name = Debug;
		};
		04D549962CDB3FDE00CCE517 /* Release */ = {
			isa = XCBuildConfiguration;
			baseConfigurationReference = DAF2BB370BB3C01CF32117CD /* Pods-VADemo-VADemoUITests.release.xcconfig */;
			buildSettings = {
				ALWAYS_EMBED_SWIFT_STANDARD_LIBRARIES = YES;
				CODE_SIGN_STYLE = Automatic;
				CURRENT_PROJECT_VERSION = 1;
				DEVELOPMENT_TEAM = HM2XFJ76LK;
				GENERATE_INFOPLIST_FILE = YES;
				MARKETING_VERSION = 1.0;
				PRODUCT_BUNDLE_IDENTIFIER = "com.Trucker-Path-Pro-Dev.VADemoUITests";
				PRODUCT_NAME = "$(TARGET_NAME)";
				SWIFT_EMIT_LOC_STRINGS = NO;
				SWIFT_VERSION = 5.0;
				TARGETED_DEVICE_FAMILY = "1,2";
				TEST_TARGET_NAME = VADemo;
			};
			name = Release;
		};
/* End XCBuildConfiguration section */

/* Begin XCConfigurationList section */
		04D5495F2CDB3FDD00CCE517 /* Build configuration list for PBXProject "VADemo" */ = {
			isa = XCConfigurationList;
			buildConfigurations = (
				04D5498C2CDB3FDE00CCE517 /* Debug */,
				04D5498D2CDB3FDE00CCE517 /* Release */,
			);
			defaultConfigurationIsVisible = 0;
			defaultConfigurationName = Release;
		};
		04D5498E2CDB3FDE00CCE517 /* Build configuration list for PBXNativeTarget "VADemo" */ = {
			isa = XCConfigurationList;
			buildConfigurations = (
				04D5498F2CDB3FDE00CCE517 /* Debug */,
				04D549902CDB3FDE00CCE517 /* Release */,
			);
			defaultConfigurationIsVisible = 0;
			defaultConfigurationName = Release;
		};
		04D549912CDB3FDE00CCE517 /* Build configuration list for PBXNativeTarget "VADemoTests" */ = {
			isa = XCConfigurationList;
			buildConfigurations = (
				04D549922CDB3FDE00CCE517 /* Debug */,
				04D549932CDB3FDE00CCE517 /* Release */,
			);
			defaultConfigurationIsVisible = 0;
			defaultConfigurationName = Release;
		};
		04D549942CDB3FDE00CCE517 /* Build configuration list for PBXNativeTarget "VADemoUITests" */ = {
			isa = XCConfigurationList;
			buildConfigurations = (
				04D549952CDB3FDE00CCE517 /* Debug */,
				04D549962CDB3FDE00CCE517 /* Release */,
			);
			defaultConfigurationIsVisible = 0;
			defaultConfigurationName = Release;
		};
/* End XCConfigurationList section */
	};
	rootObject = 04D5495C2CDB3FDD00CCE517 /* Project object */;
}
